
Microsoft Visual Studio Solution File, Format Version 12.00
# Visual Studio Version 17
VisualStudioVersion = 17.6.33712.159
MinimumVisualStudioVersion = 17.0
Project("{9A19103F-16F7-4668-BE54-9A1E7A4F7556}") = "TelemetryAPI", "TelemetryAPI\TelemetryAPI.csproj", "{03209D1C-E42F-4D09-997C-EC332405C9C1}"
EndProject
Project("{9A19103F-16F7-4668-BE54-9A1E7A4F7556}") = "TelemetryEmitter", "TelemetryEmitter\TelemetryEmitter.csproj", "{E8F698E6-846F-4B75-9C99-D9D9B6B7CE74}"
EndProject
Project("{FAE04EC0-301F-11D3-BF4B-00C04F79EFBC}") = "TelemetryRetriever", "TelemetryRetriever\TelemetryRetriever.csproj", "{1BBD1300-90E2-4BDE-8FA4-01BDE18D7C68}"
EndProject
Global
	GlobalSection(SolutionConfigurationPlatforms) = preSolution
		Debug|Any CPU = Debug|Any CPU
		Debug|x64 = Debug|x64
		Release|Any CPU = Release|Any CPU
		Release|x64 = Release|x64
	EndGlobalSection
	GlobalSection(ProjectConfigurationPlatforms) = postSolution
		{03209D1C-E42F-4D09-997C-EC332405C9C1}.Debug|Any CPU.ActiveCfg = Debug|Any CPU
		{03209D1C-E42F-4D09-997C-EC332405C9C1}.Debug|Any CPU.Build.0 = Debug|Any CPU
		{03209D1C-E42F-4D09-997C-EC332405C9C1}.Debug|x64.ActiveCfg = Debug|Any CPU
		{03209D1C-E42F-4D09-997C-EC332405C9C1}.Debug|x64.Build.0 = Debug|Any CPU
		{03209D1C-E42F-4D09-997C-EC332405C9C1}.Release|Any CPU.ActiveCfg = Release|Any CPU
		{03209D1C-E42F-4D09-997C-EC332405C9C1}.Release|Any CPU.Build.0 = Release|Any CPU
		{03209D1C-E42F-4D09-997C-EC332405C9C1}.Release|x64.ActiveCfg = Release|Any CPU
		{03209D1C-E42F-4D09-997C-EC332405C9C1}.Release|x64.Build.0 = Release|Any CPU
		{E8F698E6-846F-4B75-9C99-D9D9B6B7CE74}.Debug|Any CPU.ActiveCfg = Debug|Any CPU
		{E8F698E6-846F-4B75-9C99-D9D9B6B7CE74}.Debug|Any CPU.Build.0 = Debug|Any CPU
		{E8F698E6-846F-4B75-9C99-D9D9B6B7CE74}.Debug|x64.ActiveCfg = Debug|Any CPU
		{E8F698E6-846F-4B75-9C99-D9D9B6B7CE74}.Debug|x64.Build.0 = Debug|Any CPU
		{E8F698E6-846F-4B75-9C99-D9D9B6B7CE74}.Release|Any CPU.ActiveCfg = Release|Any CPU
		{E8F698E6-846F-4B75-9C99-D9D9B6B7CE74}.Release|Any CPU.Build.0 = Release|Any CPU
		{E8F698E6-846F-4B75-9C99-D9D9B6B7CE74}.Release|x64.ActiveCfg = Release|Any CPU
		{E8F698E6-846F-4B75-9C99-D9D9B6B7CE74}.Release|x64.Build.0 = Release|Any CPU
		{1BBD1300-90E2-4BDE-8FA4-01BDE18D7C68}.Debug|Any CPU.ActiveCfg = Debug|Any CPU
		{1BBD1300-90E2-4BDE-8FA4-01BDE18D7C68}.Debug|Any CPU.Build.0 = Debug|Any CPU
		{1BBD1300-90E2-4BDE-8FA4-01BDE18D7C68}.Debug|x64.ActiveCfg = Debug|Any CPU
		{1BBD1300-90E2-4BDE-8FA4-01BDE18D7C68}.Debug|x64.Build.0 = Debug|Any CPU
		{1BBD1300-90E2-4BDE-8FA4-01BDE18D7C68}.Release|Any CPU.ActiveCfg = Release|Any CPU
		{1BBD1300-90E2-4BDE-8FA4-01BDE18D7C68}.Release|Any CPU.Build.0 = Release|Any CPU
		{1BBD1300-90E2-4BDE-8FA4-01BDE18D7C68}.Release|x64.ActiveCfg = Release|Any CPU
		{1BBD1300-90E2-4BDE-8FA4-01BDE18D7C68}.Release|x64.Build.0 = Release|Any CPU
	EndGlobalSection
	GlobalSection(SolutionProperties) = preSolution
		HideSolutionNode = FALSE
	EndGlobalSection
	GlobalSection(ExtensibilityGlobals) = postSolution
		SolutionGuid = {DDC789D0-1777-4424-A777-A3450B06CB09}
	EndGlobalSection
EndGlobal
